
Microsoft Visual Studio Solution File, Format Version 12.00
# Visual Studio Version 17
VisualStudioVersion = 17.4.33205.214
MinimumVisualStudioVersion = 10.0.40219.1
Project("{9A19103F-16F7-4668-BE54-9A1E7A4F7556}") = "CBriscola.WPF", "CBriscola.WPF\CBriscola.WPF.csproj", "{80B30D01-2FB9-49EA-8C7A-C05F360EFD04}"
EndProject
Project("{930C7802-8A8C-48F9-8165-68863BCCD9DD}") = "CBriscolaWPF", "CBriscolaWPF\CBriscolaWPF.wixproj", "{AFC1CEA0-9183-46EF-8733-B8F81A4A6040}"
EndProject
Global
	GlobalSection(SolutionConfigurationPlatforms) = preSolution
		Debug|Any CPU = Debug|Any CPU
		Debug|x86 = Debug|x86
		Release|Any CPU = Release|Any CPU
		Release|x86 = Release|x86
	EndGlobalSection
	GlobalSection(ProjectConfigurationPlatforms) = postSolution
		{80B30D01-2FB9-49EA-8C7A-C05F360EFD04}.Debug|Any CPU.ActiveCfg = Debug|Any CPU
		{80B30D01-2FB9-49EA-8C7A-C05F360EFD04}.Debug|Any CPU.Build.0 = Debug|Any CPU
		{80B30D01-2FB9-49EA-8C7A-C05F360EFD04}.Debug|x86.ActiveCfg = Debug|Any CPU
		{80B30D01-2FB9-49EA-8C7A-C05F360EFD04}.Debug|x86.Build.0 = Debug|Any CPU
		{80B30D01-2FB9-49EA-8C7A-C05F360EFD04}.Release|Any CPU.ActiveCfg = Release|Any CPU
		{80B30D01-2FB9-49EA-8C7A-C05F360EFD04}.Release|Any CPU.Build.0 = Release|Any CPU
		{80B30D01-2FB9-49EA-8C7A-C05F360EFD04}.Release|x86.ActiveCfg = Release|Any CPU
		{80B30D01-2FB9-49EA-8C7A-C05F360EFD04}.Release|x86.Build.0 = Release|Any CPU
		{AFC1CEA0-9183-46EF-8733-B8F81A4A6040}.Debug|Any CPU.ActiveCfg = Debug|x86
		{AFC1CEA0-9183-46EF-8733-B8F81A4A6040}.Debug|Any CPU.Build.0 = Debug|x86
		{AFC1CEA0-9183-46EF-8733-B8F81A4A6040}.Debug|x86.ActiveCfg = Debug|x86
		{AFC1CEA0-9183-46EF-8733-B8F81A4A6040}.Debug|x86.Build.0 = Debug|x86
		{AFC1CEA0-9183-46EF-8733-B8F81A4A6040}.Release|Any CPU.ActiveCfg = Release|x86
		{AFC1CEA0-9183-46EF-8733-B8F81A4A6040}.Release|Any CPU.Build.0 = Release|x86
		{AFC1CEA0-9183-46EF-8733-B8F81A4A6040}.Release|x86.ActiveCfg = Release|x86
		{AFC1CEA0-9183-46EF-8733-B8F81A4A6040}.Release|x86.Build.0 = Release|x86
	EndGlobalSection
	GlobalSection(SolutionProperties) = preSolution
		HideSolutionNode = FALSE
	EndGlobalSection
	GlobalSection(ExtensibilityGlobals) = postSolution
		SolutionGuid = {8C73EBDD-48F4-4635-A6D7-10BF36925560}
	EndGlobalSection
EndGlobal
